
Microsoft Visual Studio Solution File, Format Version 12.00
# Visual Studio Version 16
VisualStudioVersion = 16.0.29911.84
MinimumVisualStudioVersion = 10.0.40219.1
Project("{FAE04EC0-301F-11D3-BF4B-00C04F79EFBC}") = "learning_сentre", "learning_сentre\learning_сentre.csproj", "{FE07DF80-1FD8-46FF-9285-69CC1AD572A8}"
EndProject
Global
	GlobalSection(SolutionConfigurationPlatforms) = preSolution
		Debug|Any CPU = Debug|Any CPU
		Release|Any CPU = Release|Any CPU
	EndGlobalSection
	GlobalSection(ProjectConfigurationPlatforms) = postSolution
		{FE07DF80-1FD8-46FF-9285-69CC1AD572A8}.Debug|Any CPU.ActiveCfg = Debug|Any CPU
		{FE07DF80-1FD8-46FF-9285-69CC1AD572A8}.Debug|Any CPU.Build.0 = Debug|Any CPU
		{FE07DF80-1FD8-46FF-9285-69CC1AD572A8}.Release|Any CPU.ActiveCfg = Release|Any CPU
		{FE07DF80-1FD8-46FF-9285-69CC1AD572A8}.Release|Any CPU.Build.0 = Release|Any CPU
	EndGlobalSection
	GlobalSection(SolutionProperties) = preSolution
		HideSolutionNode = FALSE
	EndGlobalSection
	GlobalSection(ExtensibilityGlobals) = postSolution
		SolutionGuid = {026AF00F-D30B-49BC-AC9F-1FB4040BC89B}
	EndGlobalSection
EndGlobal
