
Microsoft Visual Studio Solution File, Format Version 12.00
# Visual Studio Version 16
VisualStudioVersion = 16.0.29728.190
MinimumVisualStudioVersion = 10.0.40219.1
Project("{FAE04EC0-301F-11D3-BF4B-00C04F79EFBC}") = "Area of Triangle", "Area of Triangle\Area of Triangle.csproj", "{22E24BDE-EB27-4B01-82C7-8EB7C3FE8B13}"
EndProject
Global
	GlobalSection(SolutionConfigurationPlatforms) = preSolution
		Debug|Any CPU = Debug|Any CPU
		Release|Any CPU = Release|Any CPU
	EndGlobalSection
	GlobalSection(ProjectConfigurationPlatforms) = postSolution
		{22E24BDE-EB27-4B01-82C7-8EB7C3FE8B13}.Debug|Any CPU.ActiveCfg = Debug|Any CPU
		{22E24BDE-EB27-4B01-82C7-8EB7C3FE8B13}.Debug|Any CPU.Build.0 = Debug|Any CPU
		{22E24BDE-EB27-4B01-82C7-8EB7C3FE8B13}.Release|Any CPU.ActiveCfg = Release|Any CPU
		{22E24BDE-EB27-4B01-82C7-8EB7C3FE8B13}.Release|Any CPU.Build.0 = Release|Any CPU
	EndGlobalSection
	GlobalSection(SolutionProperties) = preSolution
		HideSolutionNode = FALSE
	EndGlobalSection
	GlobalSection(ExtensibilityGlobals) = postSolution
		SolutionGuid = {E8DF1712-A6BE-4A49-975B-A70B25464AEB}
	EndGlobalSection
EndGlobal
